
Microsoft Visual Studio Solution File, Format Version 12.00
# Visual Studio Version 16
VisualStudioVersion = 16.0.31729.503
MinimumVisualStudioVersion = 10.0.40219.1
Project("{FAE04EC0-301F-11D3-BF4B-00C04F79EFBC}") = "LMAAPI", "LMAAPI\LMAAPI.csproj", "{04C56D71-A63F-47C5-A4F8-BEBDC33B92BA}"
EndProject
Global
	GlobalSection(SolutionConfigurationPlatforms) = preSolution
		Debug|Any CPU = Debug|Any CPU
		Release|Any CPU = Release|Any CPU
	EndGlobalSection
	GlobalSection(ProjectConfigurationPlatforms) = postSolution
		{04C56D71-A63F-47C5-A4F8-BEBDC33B92BA}.Debug|Any CPU.ActiveCfg = Debug|Any CPU
		{04C56D71-A63F-47C5-A4F8-BEBDC33B92BA}.Debug|Any CPU.Build.0 = Debug|Any CPU
		{04C56D71-A63F-47C5-A4F8-BEBDC33B92BA}.Release|Any CPU.ActiveCfg = Release|Any CPU
		{04C56D71-A63F-47C5-A4F8-BEBDC33B92BA}.Release|Any CPU.Build.0 = Release|Any CPU
	EndGlobalSection
	GlobalSection(SolutionProperties) = preSolution
		HideSolutionNode = FALSE
	EndGlobalSection
	GlobalSection(ExtensibilityGlobals) = postSolution
		SolutionGuid = {75FB66BE-FDAC-47E9-9EE3-E99C29B4F5CC}
	EndGlobalSection
EndGlobal
